// !$*UTF8*$!
{
	archiveVersion = 1;
	classes = {
	};
	objectVersion = 56;
	objects = {

/* Begin PBXBuildFile section */
		02661DF42ACF004800461E91 /* SearchView.swift in Sources */ = {isa = PBXBuildFile; fileRef = 02661DF32ACF004800461E91 /* SearchView.swift */; };
		02661DF62ACF005400461E91 /* DetailsView.swift in Sources */ = {isa = PBXBuildFile; fileRef = 02661DF52ACF005400461E91 /* DetailsView.swift */; };
		02661DF82ACF006000461E91 /* FavoritesView.swift in Sources */ = {isa = PBXBuildFile; fileRef = 02661DF72ACF006000461E91 /* FavoritesView.swift */; };
		49168B9B2ACEFB5000D2D819 /* CineSightApp.swift in Sources */ = {isa = PBXBuildFile; fileRef = 49168B9A2ACEFB5000D2D819 /* CineSightApp.swift */; };
		49168B9D2ACEFB5000D2D819 /* ContentView.swift in Sources */ = {isa = PBXBuildFile; fileRef = 49168B9C2ACEFB5000D2D819 /* ContentView.swift */; };
		49168B9F2ACEFB5200D2D819 /* Assets.xcassets in Resources */ = {isa = PBXBuildFile; fileRef = 49168B9E2ACEFB5200D2D819 /* Assets.xcassets */; };
		49168BA22ACEFB5200D2D819 /* Preview Assets.xcassets in Resources */ = {isa = PBXBuildFile; fileRef = 49168BA12ACEFB5200D2D819 /* Preview Assets.xcassets */; };
		49168BAC2ACEFB5200D2D819 /* CineSightAppTests.swift in Sources */ = {isa = PBXBuildFile; fileRef = 49168BAB2ACEFB5200D2D819 /* CineSightAppTests.swift */; };
		49168BB62ACEFB5200D2D819 /* CineSightAppUITests.swift in Sources */ = {isa = PBXBuildFile; fileRef = 49168BB52ACEFB5200D2D819 /* CineSightAppUITests.swift */; };
		49168BB82ACEFB5200D2D819 /* CineSightAppUITestsLaunchTests.swift in Sources */ = {isa = PBXBuildFile; fileRef = 49168BB72ACEFB5200D2D819 /* CineSightAppUITestsLaunchTests.swift */; };
		49168BC52ACEFE9A00D2D819 /* Movie.swift in Sources */ = {isa = PBXBuildFile; fileRef = 49168BC42ACEFE9A00D2D819 /* Movie.swift */; };
		49168BC72ACEFED300D2D819 /* MovieService.swift in Sources */ = {isa = PBXBuildFile; fileRef = 49168BC62ACEFED300D2D819 /* MovieService.swift */; };
/* End PBXBuildFile section */

/* Begin PBXContainerItemProxy section */
		49168BA82ACEFB5200D2D819 /* PBXContainerItemProxy */ = {
			isa = PBXContainerItemProxy;
			containerPortal = 49168B8F2ACEFB5000D2D819 /* Project object */;
			proxyType = 1;
			remoteGlobalIDString = 49168B962ACEFB5000D2D819;
			remoteInfo = CineSightApp;
		};
		49168BB22ACEFB5200D2D819 /* PBXContainerItemProxy */ = {
			isa = PBXContainerItemProxy;
			containerPortal = 49168B8F2ACEFB5000D2D819 /* Project object */;
			proxyType = 1;
			remoteGlobalIDString = 49168B962ACEFB5000D2D819;
			remoteInfo = CineSightApp;
		};
/* End PBXContainerItemProxy section */

/* Begin PBXFileReference section */
		02661DF32ACF004800461E91 /* SearchView.swift */ = {isa = PBXFileReference; lastKnownFileType = sourcecode.swift; path = SearchView.swift; sourceTree = "<group>"; };
		02661DF52ACF005400461E91 /* DetailsView.swift */ = {isa = PBXFileReference; lastKnownFileType = sourcecode.swift; path = DetailsView.swift; sourceTree = "<group>"; };
		02661DF72ACF006000461E91 /* FavoritesView.swift */ = {isa = PBXFileReference; lastKnownFileType = sourcecode.swift; path = FavoritesView.swift; sourceTree = "<group>"; };
		49168B972ACEFB5000D2D819 /* CineSightApp.app */ = {isa = PBXFileReference; explicitFileType = wrapper.application; includeInIndex = 0; path = CineSightApp.app; sourceTree = BUILT_PRODUCTS_DIR; };
		49168B9A2ACEFB5000D2D819 /* CineSightApp.swift */ = {isa = PBXFileReference; lastKnownFileType = sourcecode.swift; path = CineSightApp.swift; sourceTree = "<group>"; };
		49168B9C2ACEFB5000D2D819 /* ContentView.swift */ = {isa = PBXFileReference; lastKnownFileType = sourcecode.swift; path = ContentView.swift; sourceTree = "<group>"; };
		49168B9E2ACEFB5200D2D819 /* Assets.xcassets */ = {isa = PBXFileReference; lastKnownFileType = folder.assetcatalog; path = Assets.xcassets; sourceTree = "<group>"; };
		49168BA12ACEFB5200D2D819 /* Preview Assets.xcassets */ = {isa = PBXFileReference; lastKnownFileType = folder.assetcatalog; path = "Preview Assets.xcassets"; sourceTree = "<group>"; };
		49168BA72ACEFB5200D2D819 /* CineSightAppTests.xctest */ = {isa = PBXFileReference; explicitFileType = wrapper.cfbundle; includeInIndex = 0; path = CineSightAppTests.xctest; sourceTree = BUILT_PRODUCTS_DIR; };
		49168BAB2ACEFB5200D2D819 /* CineSightAppTests.swift */ = {isa = PBXFileReference; lastKnownFileType = sourcecode.swift; path = CineSightAppTests.swift; sourceTree = "<group>"; };
		49168BB12ACEFB5200D2D819 /* CineSightAppUITests.xctest */ = {isa = PBXFileReference; explicitFileType = wrapper.cfbundle; includeInIndex = 0; path = CineSightAppUITests.xctest; sourceTree = BUILT_PRODUCTS_DIR; };
		49168BB52ACEFB5200D2D819 /* CineSightAppUITests.swift */ = {isa = PBXFileReference; lastKnownFileType = sourcecode.swift; path = CineSightAppUITests.swift; sourceTree = "<group>"; };
		49168BB72ACEFB5200D2D819 /* CineSightAppUITestsLaunchTests.swift */ = {isa = PBXFileReference; lastKnownFileType = sourcecode.swift; path = CineSightAppUITestsLaunchTests.swift; sourceTree = "<group>"; };
		49168BC42ACEFE9A00D2D819 /* Movie.swift */ = {isa = PBXFileReference; lastKnownFileType = sourcecode.swift; path = Movie.swift; sourceTree = "<group>"; };
		49168BC62ACEFED300D2D819 /* MovieService.swift */ = {isa = PBXFileReference; lastKnownFileType = sourcecode.swift; path = MovieService.swift; sourceTree = "<group>"; };
/* End PBXFileReference section */

/* Begin PBXFrameworksBuildPhase section */
		49168B942ACEFB5000D2D819 /* Frameworks */ = {
			isa = PBXFrameworksBuildPhase;
			buildActionMask = 2147483647;
			files = (
			);
			runOnlyForDeploymentPostprocessing = 0;
		};
		49168BA42ACEFB5200D2D819 /* Frameworks */ = {
			isa = PBXFrameworksBuildPhase;
			buildActionMask = 2147483647;
			files = (
			);
			runOnlyForDeploymentPostprocessing = 0;
		};
		49168BAE2ACEFB5200D2D819 /* Frameworks */ = {
			isa = PBXFrameworksBuildPhase;
			buildActionMask = 2147483647;
			files = (
			);
			runOnlyForDeploymentPostprocessing = 0;
		};
/* End PBXFrameworksBuildPhase section */

/* Begin PBXGroup section */
		02661DF22ACF003600461E91 /* View */ = {
			isa = PBXGroup;
			children = (
				02661DF32ACF004800461E91 /* SearchView.swift */,
				02661DF52ACF005400461E91 /* DetailsView.swift */,
				02661DF72ACF006000461E91 /* FavoritesView.swift */,
			);
			path = View;
			sourceTree = "<group>";
		};
		49168B8E2ACEFB5000D2D819 = {
			isa = PBXGroup;
			children = (
				49168B992ACEFB5000D2D819 /* CineSightApp */,
				49168BAA2ACEFB5200D2D819 /* CineSightAppTests */,
				49168BB42ACEFB5200D2D819 /* CineSightAppUITests */,
				49168B982ACEFB5000D2D819 /* Products */,
			);
			sourceTree = "<group>";
		};
		49168B982ACEFB5000D2D819 /* Products */ = {
			isa = PBXGroup;
			children = (
				49168B972ACEFB5000D2D819 /* CineSightApp.app */,
				49168BA72ACEFB5200D2D819 /* CineSightAppTests.xctest */,
				49168BB12ACEFB5200D2D819 /* CineSightAppUITests.xctest */,
			);
			name = Products;
			sourceTree = "<group>";
		};
		49168B992ACEFB5000D2D819 /* CineSightApp */ = {
			isa = PBXGroup;
			children = (
				02661DF22ACF003600461E91 /* View */,
				49168B9A2ACEFB5000D2D819 /* CineSightApp.swift */,
				49168B9C2ACEFB5000D2D819 /* ContentView.swift */,
				49168B9E2ACEFB5200D2D819 /* Assets.xcassets */,
				49168BA02ACEFB5200D2D819 /* Preview Content */,
				49168BC42ACEFE9A00D2D819 /* Movie.swift */,
				49168BC62ACEFED300D2D819 /* MovieService.swift */,
			);
			path = CineSightApp;
			sourceTree = "<group>";
		};
		49168BA02ACEFB5200D2D819 /* Preview Content */ = {
			isa = PBXGroup;
			children = (
				49168BA12ACEFB5200D2D819 /* Preview Assets.xcassets */,
			);
			path = "Preview Content";
			sourceTree = "<group>";
		};
		49168BAA2ACEFB5200D2D819 /* CineSightAppTests */ = {
			isa = PBXGroup;
			children = (
				49168BAB2ACEFB5200D2D819 /* CineSightAppTests.swift */,
			);
			path = CineSightAppTests;
			sourceTree = "<group>";
		};
		49168BB42ACEFB5200D2D819 /* CineSightAppUITests */ = {
			isa = PBXGroup;
			children = (
				49168BB52ACEFB5200D2D819 /* CineSightAppUITests.swift */,
				49168BB72ACEFB5200D2D819 /* CineSightAppUITestsLaunchTests.swift */,
			);
			path = CineSightAppUITests;
			sourceTree = "<group>";
		};
/* End PBXGroup section */

/* Begin PBXNativeTarget section */
		49168B962ACEFB5000D2D819 /* CineSightApp */ = {
			isa = PBXNativeTarget;
			buildConfigurationList = 49168BBB2ACEFB5200D2D819 /* Build configuration list for PBXNativeTarget "CineSightApp" */;
			buildPhases = (
				49168B932ACEFB5000D2D819 /* Sources */,
				49168B942ACEFB5000D2D819 /* Frameworks */,
				49168B952ACEFB5000D2D819 /* Resources */,
			);
			buildRules = (
			);
			dependencies = (
			);
			name = CineSightApp;
			productName = CineSightApp;
			productReference = 49168B972ACEFB5000D2D819 /* CineSightApp.app */;
			productType = "com.apple.product-type.application";
		};
		49168BA62ACEFB5200D2D819 /* CineSightAppTests */ = {
			isa = PBXNativeTarget;
			buildConfigurationList = 49168BBE2ACEFB5200D2D819 /* Build configuration list for PBXNativeTarget "CineSightAppTests" */;
			buildPhases = (
				49168BA32ACEFB5200D2D819 /* Sources */,
				49168BA42ACEFB5200D2D819 /* Frameworks */,
				49168BA52ACEFB5200D2D819 /* Resources */,
			);
			buildRules = (
			);
			dependencies = (
				49168BA92ACEFB5200D2D819 /* PBXTargetDependency */,
			);
			name = CineSightAppTests;
			productName = CineSightAppTests;
			productReference = 49168BA72ACEFB5200D2D819 /* CineSightAppTests.xctest */;
			productType = "com.apple.product-type.bundle.unit-test";
		};
		49168BB02ACEFB5200D2D819 /* CineSightAppUITests */ = {
			isa = PBXNativeTarget;
			buildConfigurationList = 49168BC12ACEFB5200D2D819 /* Build configuration list for PBXNativeTarget "CineSightAppUITests" */;
			buildPhases = (
				49168BAD2ACEFB5200D2D819 /* Sources */,
				49168BAE2ACEFB5200D2D819 /* Frameworks */,
				49168BAF2ACEFB5200D2D819 /* Resources */,
			);
			buildRules = (
			);
			dependencies = (
				49168BB32ACEFB5200D2D819 /* PBXTargetDependency */,
			);
			name = CineSightAppUITests;
			productName = CineSightAppUITests;
			productReference = 49168BB12ACEFB5200D2D819 /* CineSightAppUITests.xctest */;
			productType = "com.apple.product-type.bundle.ui-testing";
		};
/* End PBXNativeTarget section */

/* Begin PBXProject section */
		49168B8F2ACEFB5000D2D819 /* Project object */ = {
			isa = PBXProject;
			attributes = {
				BuildIndependentTargetsInParallel = 1;
				LastSwiftUpdateCheck = 1500;
				LastUpgradeCheck = 1500;
				TargetAttributes = {
					49168B962ACEFB5000D2D819 = {
						CreatedOnToolsVersion = 15.0;
					};
					49168BA62ACEFB5200D2D819 = {
						CreatedOnToolsVersion = 15.0;
						TestTargetID = 49168B962ACEFB5000D2D819;
					};
					49168BB02ACEFB5200D2D819 = {
						CreatedOnToolsVersion = 15.0;
						TestTargetID = 49168B962ACEFB5000D2D819;
					};
				};
			};
			buildConfigurationList = 49168B922ACEFB5000D2D819 /* Build configuration list for PBXProject "CineSightApp" */;
			compatibilityVersion = "Xcode 14.0";
			developmentRegion = en;
			hasScannedForEncodings = 0;
			knownRegions = (
				en,
				Base,
			);
			mainGroup = 49168B8E2ACEFB5000D2D819;
			productRefGroup = 49168B982ACEFB5000D2D819 /* Products */;
			projectDirPath = "";
			projectRoot = "";
			targets = (
				49168B962ACEFB5000D2D819 /* CineSightApp */,
				49168BA62ACEFB5200D2D819 /* CineSightAppTests */,
				49168BB02ACEFB5200D2D819 /* CineSightAppUITests */,
			);
		};
/* End PBXProject section */

/* Begin PBXResourcesBuildPhase section */
		49168B952ACEFB5000D2D819 /* Resources */ = {
			isa = PBXResourcesBuildPhase;
			buildActionMask = 2147483647;
			files = (
				49168BA22ACEFB5200D2D819 /* Preview Assets.xcassets in Resources */,
				49168B9F2ACEFB5200D2D819 /* Assets.xcassets in Resources */,
			);
			runOnlyForDeploymentPostprocessing = 0;
		};
		49168BA52ACEFB5200D2D819 /* Resources */ = {
			isa = PBXResourcesBuildPhase;
			buildActionMask = 2147483647;
			files = (
			);
			runOnlyForDeploymentPostprocessing = 0;
		};
		49168BAF2ACEFB5200D2D819 /* Resources */ = {
			isa = PBXResourcesBuildPhase;
			buildActionMask = 2147483647;
			files = (
			);
			runOnlyForDeploymentPostprocessing = 0;
		};
/* End PBXResourcesBuildPhase section */

/* Begin PBXSourcesBuildPhase section */
		49168B932ACEFB5000D2D819 /* Sources */ = {
			isa = PBXSourcesBuildPhase;
			buildActionMask = 2147483647;
			files = (
				02661DF82ACF006000461E91 /* FavoritesView.swift in Sources */,
				49168B9D2ACEFB5000D2D819 /* ContentView.swift in Sources */,
				02661DF62ACF005400461E91 /* DetailsView.swift in Sources */,
				02661DF42ACF004800461E91 /* SearchView.swift in Sources */,
				49168B9B2ACEFB5000D2D819 /* CineSightApp.swift in Sources */,
				49168BC72ACEFED300D2D819 /* MovieService.swift in Sources */,
				49168BC52ACEFE9A00D2D819 /* Movie.swift in Sources */,
			);
			runOnlyForDeploymentPostprocessing = 0;
		};
		49168BA32ACEFB5200D2D819 /* Sources */ = {
			isa = PBXSourcesBuildPhase;
			buildActionMask = 2147483647;
			files = (
				49168BAC2ACEFB5200D2D819 /* CineSightAppTests.swift in Sources */,
			);
			runOnlyForDeploymentPostprocessing = 0;
		};
		49168BAD2ACEFB5200D2D819 /* Sources */ = {
			isa = PBXSourcesBuildPhase;
			buildActionMask = 2147483647;
			files = (
				49168BB62ACEFB5200D2D819 /* CineSightAppUITests.swift in Sources */,
				49168BB82ACEFB5200D2D819 /* CineSightAppUITestsLaunchTests.swift in Sources */,
			);
			runOnlyForDeploymentPostprocessing = 0;
		};
/* End PBXSourcesBuildPhase section */

/* Begin PBXTargetDependency section */
		49168BA92ACEFB5200D2D819 /* PBXTargetDependency */ = {
			isa = PBXTargetDependency;
			target = 49168B962ACEFB5000D2D819 /* CineSightApp */;
			targetProxy = 49168BA82ACEFB5200D2D819 /* PBXContainerItemProxy */;
		};
		49168BB32ACEFB5200D2D819 /* PBXTargetDependency */ = {
			isa = PBXTargetDependency;
			target = 49168B962ACEFB5000D2D819 /* CineSightApp */;
			targetProxy = 49168BB22ACEFB5200D2D819 /* PBXContainerItemProxy */;
		};
/* End PBXTargetDependency section */

/* Begin XCBuildConfiguration section */
		49168BB92ACEFB5200D2D819 /* Debug */ = {
			isa = XCBuildConfiguration;
			buildSettings = {
				ALWAYS_SEARCH_USER_PATHS = NO;
				ASSETCATALOG_COMPILER_GENERATE_SWIFT_ASSET_SYMBOL_EXTENSIONS = YES;
				CLANG_ANALYZER_NONNULL = YES;
				CLANG_ANALYZER_NUMBER_OBJECT_CONVERSION = YES_AGGRESSIVE;
				CLANG_CXX_LANGUAGE_STANDARD = "gnu++20";
				CLANG_ENABLE_MODULES = YES;
				CLANG_ENABLE_OBJC_ARC = YES;
				CLANG_ENABLE_OBJC_WEAK = YES;
				CLANG_WARN_BLOCK_CAPTURE_AUTORELEASING = YES;
				CLANG_WARN_BOOL_CONVERSION = YES;
				CLANG_WARN_COMMA = YES;
				CLANG_WARN_CONSTANT_CONVERSION = YES;
				CLANG_WARN_DEPRECATED_OBJC_IMPLEMENTATIONS = YES;
				CLANG_WARN_DIRECT_OBJC_ISA_USAGE = YES_ERROR;
				CLANG_WARN_DOCUMENTATION_COMMENTS = YES;
				CLANG_WARN_EMPTY_BODY = YES;
				CLANG_WARN_ENUM_CONVERSION = YES;
				CLANG_WARN_INFINITE_RECURSION = YES;
				CLANG_WARN_INT_CONVERSION = YES;
				CLANG_WARN_NON_LITERAL_NULL_CONVERSION = YES;
				CLANG_WARN_OBJC_IMPLICIT_RETAIN_SELF = YES;
				CLANG_WARN_OBJC_LITERAL_CONVERSION = YES;
				CLANG_WARN_OBJC_ROOT_CLASS = YES_ERROR;
				CLANG_WARN_QUOTED_INCLUDE_IN_FRAMEWORK_HEADER = YES;
				CLANG_WARN_RANGE_LOOP_ANALYSIS = YES;
				CLANG_WARN_STRICT_PROTOTYPES = YES;
				CLANG_WARN_SUSPICIOUS_MOVE = YES;
				CLANG_WARN_UNGUARDED_AVAILABILITY = YES_AGGRESSIVE;
				CLANG_WARN_UNREACHABLE_CODE = YES;
				CLANG_WARN__DUPLICATE_METHOD_MATCH = YES;
				COPY_PHASE_STRIP = NO;
				DEBUG_INFORMATION_FORMAT = dwarf;
				ENABLE_STRICT_OBJC_MSGSEND = YES;
				ENABLE_TESTABILITY = YES;
				ENABLE_USER_SCRIPT_SANDBOXING = YES;
				GCC_C_LANGUAGE_STANDARD = gnu17;
				GCC_DYNAMIC_NO_PIC = NO;
				GCC_NO_COMMON_BLOCKS = YES;
				GCC_OPTIMIZATION_LEVEL = 0;
				GCC_PREPROCESSOR_DEFINITIONS = (
					"DEBUG=1",
					"$(inherited)",
				);
				GCC_WARN_64_TO_32_BIT_CONVERSION = YES;
				GCC_WARN_ABOUT_RETURN_TYPE = YES_ERROR;
				GCC_WARN_UNDECLARED_SELECTOR = YES;
				GCC_WARN_UNINITIALIZED_AUTOS = YES_AGGRESSIVE;
				GCC_WARN_UNUSED_FUNCTION = YES;
				GCC_WARN_UNUSED_VARIABLE = YES;
				IPHONEOS_DEPLOYMENT_TARGET = 17.0;
				LOCALIZATION_PREFERS_STRING_CATALOGS = YES;
				MTL_ENABLE_DEBUG_INFO = INCLUDE_SOURCE;
				MTL_FAST_MATH = YES;
				ONLY_ACTIVE_ARCH = YES;
				SDKROOT = iphoneos;
				SWIFT_ACTIVE_COMPILATION_CONDITIONS = "DEBUG $(inherited)";
				SWIFT_OPTIMIZATION_LEVEL = "-Onone";
			};
			name = Debug;
		};
		49168BBA2ACEFB5200D2D819 /* Release */ = {
			isa = XCBuildConfiguration;
			buildSettings = {
				ALWAYS_SEARCH_USER_PATHS = NO;
				ASSETCATALOG_COMPILER_GENERATE_SWIFT_ASSET_SYMBOL_EXTENSIONS = YES;
				CLANG_ANALYZER_NONNULL = YES;
				CLANG_ANALYZER_NUMBER_OBJECT_CONVERSION = YES_AGGRESSIVE;
				CLANG_CXX_LANGUAGE_STANDARD = "gnu++20";
				CLANG_ENABLE_MODULES = YES;
				CLANG_ENABLE_OBJC_ARC = YES;
				CLANG_ENABLE_OBJC_WEAK = YES;
				CLANG_WARN_BLOCK_CAPTURE_AUTORELEASING = YES;
				CLANG_WARN_BOOL_CONVERSION = YES;
				CLANG_WARN_COMMA = YES;
				CLANG_WARN_CONSTANT_CONVERSION = YES;
				CLANG_WARN_DEPRECATED_OBJC_IMPLEMENTATIONS = YES;
				CLANG_WARN_DIRECT_OBJC_ISA_USAGE = YES_ERROR;
				CLANG_WARN_DOCUMENTATION_COMMENTS = YES;
				CLANG_WARN_EMPTY_BODY = YES;
				CLANG_WARN_ENUM_CONVERSION = YES;
				CLANG_WARN_INFINITE_RECURSION = YES;
				CLANG_WARN_INT_CONVERSION = YES;
				CLANG_WARN_NON_LITERAL_NULL_CONVERSION = YES;
				CLANG_WARN_OBJC_IMPLICIT_RETAIN_SELF = YES;
				CLANG_WARN_OBJC_LITERAL_CONVERSION = YES;
				CLANG_WARN_OBJC_ROOT_CLASS = YES_ERROR;
				CLANG_WARN_QUOTED_INCLUDE_IN_FRAMEWORK_HEADER = YES;
				CLANG_WARN_RANGE_LOOP_ANALYSIS = YES;
				CLANG_WARN_STRICT_PROTOTYPES = YES;
				CLANG_WARN_SUSPICIOUS_MOVE = YES;
				CLANG_WARN_UNGUARDED_AVAILABILITY = YES_AGGRESSIVE;
				CLANG_WARN_UNREACHABLE_CODE = YES;
				CLANG_WARN__DUPLICATE_METHOD_MATCH = YES;
				COPY_PHASE_STRIP = NO;
				DEBUG_INFORMATION_FORMAT = "dwarf-with-dsym";
				ENABLE_NS_ASSERTIONS = NO;
				ENABLE_STRICT_OBJC_MSGSEND = YES;
				ENABLE_USER_SCRIPT_SANDBOXING = YES;
				GCC_C_LANGUAGE_STANDARD = gnu17;
				GCC_NO_COMMON_BLOCKS = YES;
				GCC_WARN_64_TO_32_BIT_CONVERSION = YES;
				GCC_WARN_ABOUT_RETURN_TYPE = YES_ERROR;
				GCC_WARN_UNDECLARED_SELECTOR = YES;
				GCC_WARN_UNINITIALIZED_AUTOS = YES_AGGRESSIVE;
				GCC_WARN_UNUSED_FUNCTION = YES;
				GCC_WARN_UNUSED_VARIABLE = YES;
				IPHONEOS_DEPLOYMENT_TARGET = 17.0;
				LOCALIZATION_PREFERS_STRING_CATALOGS = YES;
				MTL_ENABLE_DEBUG_INFO = NO;
				MTL_FAST_MATH = YES;
				SDKROOT = iphoneos;
				SWIFT_COMPILATION_MODE = wholemodule;
				VALIDATE_PRODUCT = YES;
			};
			name = Release;
		};
		49168BBC2ACEFB5200D2D819 /* Debug */ = {
			isa = XCBuildConfiguration;
			buildSettings = {
				ASSETCATALOG_COMPILER_APPICON_NAME = AppIcon;
				ASSETCATALOG_COMPILER_GLOBAL_ACCENT_COLOR_NAME = AccentColor;
				CODE_SIGN_STYLE = Automatic;
				CURRENT_PROJECT_VERSION = 1;
				DEVELOPMENT_ASSET_PATHS = "\"CineSightApp/Preview Content\"";
				ENABLE_PREVIEWS = YES;
				GENERATE_INFOPLIST_FILE = YES;
				INFOPLIST_KEY_UIApplicationSceneManifest_Generation = YES;
				INFOPLIST_KEY_UIApplicationSupportsIndirectInputEvents = YES;
				INFOPLIST_KEY_UILaunchScreen_Generation = YES;
				INFOPLIST_KEY_UISupportedInterfaceOrientations_iPad = "UIInterfaceOrientationPortrait UIInterfaceOrientationPortraitUpsideDown UIInterfaceOrientationLandscapeLeft UIInterfaceOrientationLandscapeRight";
				INFOPLIST_KEY_UISupportedInterfaceOrientations_iPhone = "UIInterfaceOrientationPortrait UIInterfaceOrientationLandscapeLeft UIInterfaceOrientationLandscapeRight";
				LD_RUNPATH_SEARCH_PATHS = (
					"$(inherited)",
					"@executable_path/Frameworks",
				);
				MARKETING_VERSION = 1.0;
				PRODUCT_BUNDLE_IDENTIFIER = com.mac.CineSightApp;
				PRODUCT_NAME = "$(TARGET_NAME)";
				SWIFT_EMIT_LOC_STRINGS = YES;
				SWIFT_VERSION = 5.0;
				TARGETED_DEVICE_FAMILY = "1,2";
			};
			name = Debug;
		};
		49168BBD2ACEFB5200D2D819 /* Release */ = {
			isa = XCBuildConfiguration;
			buildSettings = {
				ASSETCATALOG_COMPILER_APPICON_NAME = AppIcon;
				ASSETCATALOG_COMPILER_GLOBAL_ACCENT_COLOR_NAME = AccentColor;
				CODE_SIGN_STYLE = Automatic;
				CURRENT_PROJECT_VERSION = 1;
				DEVELOPMENT_ASSET_PATHS = "\"CineSightApp/Preview Content\"";
				ENABLE_PREVIEWS = YES;
				GENERATE_INFOPLIST_FILE = YES;
				INFOPLIST_KEY_UIApplicationSceneManifest_Generation = YES;
				INFOPLIST_KEY_UIApplicationSupportsIndirectInputEvents = YES;
				INFOPLIST_KEY_UILaunchScreen_Generation = YES;
				INFOPLIST_KEY_UISupportedInterfaceOrientations_iPad = "UIInterfaceOrientationPortrait UIInterfaceOrientationPortraitUpsideDown UIInterfaceOrientationLandscapeLeft UIInterfaceOrientationLandscapeRight";
				INFOPLIST_KEY_UISupportedInterfaceOrientations_iPhone = "UIInterfaceOrientationPortrait UIInterfaceOrientationLandscapeLeft UIInterfaceOrientationLandscapeRight";
				LD_RUNPATH_SEARCH_PATHS = (
					"$(inherited)",
					"@executable_path/Frameworks",
				);
				MARKETING_VERSION = 1.0;
				PRODUCT_BUNDLE_IDENTIFIER = com.mac.CineSightApp;
				PRODUCT_NAME = "$(TARGET_NAME)";
				SWIFT_EMIT_LOC_STRINGS = YES;
				SWIFT_VERSION = 5.0;
				TARGETED_DEVICE_FAMILY = "1,2";
			};
			name = Release;
		};
		49168BBF2ACEFB5200D2D819 /* Debug */ = {
			isa = XCBuildConfiguration;
			buildSettings = {
				ALWAYS_EMBED_SWIFT_STANDARD_LIBRARIES = YES;
				BUNDLE_LOADER = "$(TEST_HOST)";
				CODE_SIGN_STYLE = Automatic;
				CURRENT_PROJECT_VERSION = 1;
				GENERATE_INFOPLIST_FILE = YES;
				IPHONEOS_DEPLOYMENT_TARGET = 17.0;
				MARKETING_VERSION = 1.0;
				PRODUCT_BUNDLE_IDENTIFIER = com.mac.CineSightAppTests;
				PRODUCT_NAME = "$(TARGET_NAME)";
				SWIFT_EMIT_LOC_STRINGS = NO;
				SWIFT_VERSION = 5.0;
				TARGETED_DEVICE_FAMILY = "1,2";
				TEST_HOST = "$(BUILT_PRODUCTS_DIR)/CineSightApp.app/$(BUNDLE_EXECUTABLE_FOLDER_PATH)/CineSightApp";
			};
			name = Debug;
		};
		49168BC02ACEFB5200D2D819 /* Release */ = {
			isa = XCBuildConfiguration;
			buildSettings = {
				ALWAYS_EMBED_SWIFT_STANDARD_LIBRARIES = YES;
				BUNDLE_LOADER = "$(TEST_HOST)";
				CODE_SIGN_STYLE = Automatic;
				CURRENT_PROJECT_VERSION = 1;
				GENERATE_INFOPLIST_FILE = YES;
				IPHONEOS_DEPLOYMENT_TARGET = 17.0;
				MARKETING_VERSION = 1.0;
				PRODUCT_BUNDLE_IDENTIFIER = com.mac.CineSightAppTests;
				PRODUCT_NAME = "$(TARGET_NAME)";
				SWIFT_EMIT_LOC_STRINGS = NO;
				SWIFT_VERSION = 5.0;
				TARGETED_DEVICE_FAMILY = "1,2";
				TEST_HOST = "$(BUILT_PRODUCTS_DIR)/CineSightApp.app/$(BUNDLE_EXECUTABLE_FOLDER_PATH)/CineSightApp";
			};
			name = Release;
		};
		49168BC22ACEFB5200D2D819 /* Debug */ = {
			isa = XCBuildConfiguration;
			buildSettings = {
				ALWAYS_EMBED_SWIFT_STANDARD_LIBRARIES = YES;
				CODE_SIGN_STYLE = Automatic;
				CURRENT_PROJECT_VERSION = 1;
				GENERATE_INFOPLIST_FILE = YES;
				MARKETING_VERSION = 1.0;
				PRODUCT_BUNDLE_IDENTIFIER = com.mac.CineSightAppUITests;
				PRODUCT_NAME = "$(TARGET_NAME)";
				SWIFT_EMIT_LOC_STRINGS = NO;
				SWIFT_VERSION = 5.0;
				TARGETED_DEVICE_FAMILY = "1,2";
				TEST_TARGET_NAME = CineSightApp;
			};
			name = Debug;
		};
		49168BC32ACEFB5200D2D819 /* Release */ = {
			isa = XCBuildConfiguration;
			buildSettings = {
				ALWAYS_EMBED_SWIFT_STANDARD_LIBRARIES = YES;
				CODE_SIGN_STYLE = Automatic;
				CURRENT_PROJECT_VERSION = 1;
				GENERATE_INFOPLIST_FILE = YES;
				MARKETING_VERSION = 1.0;
				PRODUCT_BUNDLE_IDENTIFIER = com.mac.CineSightAppUITests;
				PRODUCT_NAME = "$(TARGET_NAME)";
				SWIFT_EMIT_LOC_STRINGS = NO;
				SWIFT_VERSION = 5.0;
				TARGETED_DEVICE_FAMILY = "1,2";
				TEST_TARGET_NAME = CineSightApp;
			};
			name = Release;
		};
/* End XCBuildConfiguration section */

/* Begin XCConfigurationList section */
		49168B922ACEFB5000D2D819 /* Build configuration list for PBXProject "CineSightApp" */ = {
			isa = XCConfigurationList;
			buildConfigurations = (
				49168BB92ACEFB5200D2D819 /* Debug */,
				49168BBA2ACEFB5200D2D819 /* Release */,
			);
			defaultConfigurationIsVisible = 0;
			defaultConfigurationName = Release;
		};
		49168BBB2ACEFB5200D2D819 /* Build configuration list for PBXNativeTarget "CineSightApp" */ = {
			isa = XCConfigurationList;
			buildConfigurations = (
				49168BBC2ACEFB5200D2D819 /* Debug */,
				49168BBD2ACEFB5200D2D819 /* Release */,
			);
			defaultConfigurationIsVisible = 0;
			defaultConfigurationName = Release;
		};
		49168BBE2ACEFB5200D2D819 /* Build configuration list for PBXNativeTarget "CineSightAppTests" */ = {
			isa = XCConfigurationList;
			buildConfigurations = (
				49168BBF2ACEFB5200D2D819 /* Debug */,
				49168BC02ACEFB5200D2D819 /* Release */,
			);
			defaultConfigurationIsVisible = 0;
			defaultConfigurationName = Release;
		};
		49168BC12ACEFB5200D2D819 /* Build configuration list for PBXNativeTarget "CineSightAppUITests" */ = {
			isa = XCConfigurationList;
			buildConfigurations = (
				49168BC22ACEFB5200D2D819 /* Debug */,
				49168BC32ACEFB5200D2D819 /* Release */,
			);
			defaultConfigurationIsVisible = 0;
			defaultConfigurationName = Release;
		};
/* End XCConfigurationList section */
	};
	rootObject = 49168B8F2ACEFB5000D2D819 /* Project object */;
}
